
Microsoft Visual Studio Solution File, Format Version 12.00
# Visual Studio Version 17
VisualStudioVersion = 17.2.32616.157
MinimumVisualStudioVersion = 10.0.40219.1
Project("{9A19103F-16F7-4668-BE54-9A1E7A4F7556}") = "KB2022", "KB2022\KB2022.csproj", "{74EEC45C-32A7-4D71-876B-3B90CF267000}"
EndProject
Project("{9A19103F-16F7-4668-BE54-9A1E7A4F7556}") = "ConsoleApp1", "ConsoleApp1\ConsoleApp1.csproj", "{95F69172-F8FB-4680-BC29-056DA642C56F}"
EndProject
Project("{9A19103F-16F7-4668-BE54-9A1E7A4F7556}") = "TrackYourself", "TrackYourself\TrackYourself.csproj", "{99C7355E-4EF7-461C-A071-A82ADD184E7E}"
EndProject
Project("{9A19103F-16F7-4668-BE54-9A1E7A4F7556}") = "KB2022_2", "KB2022_2\KB2022_2.csproj", "{927C7008-948C-4C74-B495-9A1208E003C7}"
EndProject
Project("{00D1A9C2-B5F0-4AF3-8072-F6C62B433612}") = "Database1", "Database1\Database1.sqlproj", "{C754241A-3278-4EF9-88C5-29215F27F84A}"
EndProject
Project("{FAE04EC0-301F-11D3-BF4B-00C04F79EFBC}") = "KB2023", "KB2023\KB2023.csproj", "{D0B1C285-BF8E-4A7C-8029-7E4D66FDB7A3}"
EndProject
Global
	GlobalSection(SolutionConfigurationPlatforms) = preSolution
		Debug|Any CPU = Debug|Any CPU
		Release|Any CPU = Release|Any CPU
	EndGlobalSection
	GlobalSection(ProjectConfigurationPlatforms) = postSolution
		{74EEC45C-32A7-4D71-876B-3B90CF267000}.Debug|Any CPU.ActiveCfg = Debug|Any CPU
		{74EEC45C-32A7-4D71-876B-3B90CF267000}.Debug|Any CPU.Build.0 = Debug|Any CPU
		{74EEC45C-32A7-4D71-876B-3B90CF267000}.Release|Any CPU.ActiveCfg = Release|Any CPU
		{74EEC45C-32A7-4D71-876B-3B90CF267000}.Release|Any CPU.Build.0 = Release|Any CPU
		{95F69172-F8FB-4680-BC29-056DA642C56F}.Debug|Any CPU.ActiveCfg = Debug|Any CPU
		{95F69172-F8FB-4680-BC29-056DA642C56F}.Debug|Any CPU.Build.0 = Debug|Any CPU
		{95F69172-F8FB-4680-BC29-056DA642C56F}.Release|Any CPU.ActiveCfg = Release|Any CPU
		{95F69172-F8FB-4680-BC29-056DA642C56F}.Release|Any CPU.Build.0 = Release|Any CPU
		{99C7355E-4EF7-461C-A071-A82ADD184E7E}.Debug|Any CPU.ActiveCfg = Debug|Any CPU
		{99C7355E-4EF7-461C-A071-A82ADD184E7E}.Debug|Any CPU.Build.0 = Debug|Any CPU
		{99C7355E-4EF7-461C-A071-A82ADD184E7E}.Release|Any CPU.ActiveCfg = Release|Any CPU
		{99C7355E-4EF7-461C-A071-A82ADD184E7E}.Release|Any CPU.Build.0 = Release|Any CPU
		{927C7008-948C-4C74-B495-9A1208E003C7}.Debug|Any CPU.ActiveCfg = Debug|Any CPU
		{927C7008-948C-4C74-B495-9A1208E003C7}.Debug|Any CPU.Build.0 = Debug|Any CPU
		{927C7008-948C-4C74-B495-9A1208E003C7}.Release|Any CPU.ActiveCfg = Release|Any CPU
		{927C7008-948C-4C74-B495-9A1208E003C7}.Release|Any CPU.Build.0 = Release|Any CPU
		{C754241A-3278-4EF9-88C5-29215F27F84A}.Debug|Any CPU.ActiveCfg = Debug|Any CPU
		{C754241A-3278-4EF9-88C5-29215F27F84A}.Debug|Any CPU.Build.0 = Debug|Any CPU
		{C754241A-3278-4EF9-88C5-29215F27F84A}.Debug|Any CPU.Deploy.0 = Debug|Any CPU
		{C754241A-3278-4EF9-88C5-29215F27F84A}.Release|Any CPU.ActiveCfg = Release|Any CPU
		{C754241A-3278-4EF9-88C5-29215F27F84A}.Release|Any CPU.Build.0 = Release|Any CPU
		{C754241A-3278-4EF9-88C5-29215F27F84A}.Release|Any CPU.Deploy.0 = Release|Any CPU
		{D0B1C285-BF8E-4A7C-8029-7E4D66FDB7A3}.Debug|Any CPU.ActiveCfg = Debug|Any CPU
		{D0B1C285-BF8E-4A7C-8029-7E4D66FDB7A3}.Debug|Any CPU.Build.0 = Debug|Any CPU
		{D0B1C285-BF8E-4A7C-8029-7E4D66FDB7A3}.Release|Any CPU.ActiveCfg = Release|Any CPU
		{D0B1C285-BF8E-4A7C-8029-7E4D66FDB7A3}.Release|Any CPU.Build.0 = Release|Any CPU
	EndGlobalSection
	GlobalSection(SolutionProperties) = preSolution
		HideSolutionNode = FALSE
	EndGlobalSection
	GlobalSection(ExtensibilityGlobals) = postSolution
		SolutionGuid = {C6C84589-EB85-4112-8D92-4749E35E3F64}
	EndGlobalSection
EndGlobal
